
Microsoft Visual Studio Solution File, Format Version 12.00
# Visual Studio Version 16
VisualStudioVersion = 16.0.30204.135
MinimumVisualStudioVersion = 10.0.40219.1
Project("{FAE04EC0-301F-11D3-BF4B-00C04F79EFBC}") = "OOP_4", "OOP_4\OOP_4.csproj", "{F3BD5EBE-EF23-40B2-BE76-9403F6AF9680}"
EndProject
Global
	GlobalSection(SolutionConfigurationPlatforms) = preSolution
		Debug|Any CPU = Debug|Any CPU
		Release|Any CPU = Release|Any CPU
	EndGlobalSection
	GlobalSection(ProjectConfigurationPlatforms) = postSolution
		{F3BD5EBE-EF23-40B2-BE76-9403F6AF9680}.Debug|Any CPU.ActiveCfg = Debug|Any CPU
		{F3BD5EBE-EF23-40B2-BE76-9403F6AF9680}.Debug|Any CPU.Build.0 = Debug|Any CPU
		{F3BD5EBE-EF23-40B2-BE76-9403F6AF9680}.Release|Any CPU.ActiveCfg = Release|Any CPU
		{F3BD5EBE-EF23-40B2-BE76-9403F6AF9680}.Release|Any CPU.Build.0 = Release|Any CPU
	EndGlobalSection
	GlobalSection(SolutionProperties) = preSolution
		HideSolutionNode = FALSE
	EndGlobalSection
	GlobalSection(ExtensibilityGlobals) = postSolution
		SolutionGuid = {6E10EFE6-1045-4909-B40D-85FA6612160A}
	EndGlobalSection
EndGlobal
